// !$*UTF8*$!
{
	archiveVersion = 1;
	classes = {
	};
	objectVersion = 46;
	objects = {

/* Begin PBXBuildFile section */
		E9AB94F619FC156000A8D2A2 /* AppDelegate.m in Sources */ = {isa = PBXBuildFile; fileRef = E9AB94F519FC156000A8D2A2 /* AppDelegate.m */; };
		E9AB94F819FC156000A8D2A2 /* main.m in Sources */ = {isa = PBXBuildFile; fileRef = E9AB94F719FC156000A8D2A2 /* main.m */; };
		E9AB94FB19FC156100A8D2A2 /* ViewController.m in Sources */ = {isa = PBXBuildFile; fileRef = E9AB94FA19FC156100A8D2A2 /* ViewController.m */; };
		E9AB94FD19FC156100A8D2A2 /* Images.xcassets in Resources */ = {isa = PBXBuildFile; fileRef = E9AB94FC19FC156100A8D2A2 /* Images.xcassets */; };
		E9AB950019FC156100A8D2A2 /* Main.storyboard in Resources */ = {isa = PBXBuildFile; fileRef = E9AB94FE19FC156100A8D2A2 /* Main.storyboard */; };
		E9AB950C19FC156100A8D2A2 /* MouseTrapTests.m in Sources */ = {isa = PBXBuildFile; fileRef = E9AB950B19FC156100A8D2A2 /* MouseTrapTests.m */; };
/* End PBXBuildFile section */

/* Begin PBXContainerItemProxy section */
		E9AB950619FC156100A8D2A2 /* PBXContainerItemProxy */ = {
			isa = PBXContainerItemProxy;
			containerPortal = E9AB94E719FC156000A8D2A2 /* Project object */;
			proxyType = 1;
			remoteGlobalIDString = E9AB94EE19FC156000A8D2A2;
			remoteInfo = MouseTrap;
		};
/* End PBXContainerItemProxy section */

/* Begin PBXFileReference section */
		E9AB94EF19FC156000A8D2A2 /* MouseTrap.app */ = {isa = PBXFileReference; explicitFileType = wrapper.application; includeInIndex = 0; path = MouseTrap.app; sourceTree = BUILT_PRODUCTS_DIR; };
		E9AB94F319FC156000A8D2A2 /* Info.plist */ = {isa = PBXFileReference; lastKnownFileType = text.plist.xml; path = Info.plist; sourceTree = "<group>"; };
		E9AB94F419FC156000A8D2A2 /* AppDelegate.h */ = {isa = PBXFileReference; lastKnownFileType = sourcecode.c.h; path = AppDelegate.h; sourceTree = "<group>"; };
		E9AB94F519FC156000A8D2A2 /* AppDelegate.m */ = {isa = PBXFileReference; lastKnownFileType = sourcecode.c.objc; path = AppDelegate.m; sourceTree = "<group>"; };
		E9AB94F719FC156000A8D2A2 /* main.m */ = {isa = PBXFileReference; lastKnownFileType = sourcecode.c.objc; path = main.m; sourceTree = "<group>"; };
		E9AB94F919FC156000A8D2A2 /* ViewController.h */ = {isa = PBXFileReference; lastKnownFileType = sourcecode.c.h; path = ViewController.h; sourceTree = "<group>"; };
		E9AB94FA19FC156100A8D2A2 /* ViewController.m */ = {isa = PBXFileReference; lastKnownFileType = sourcecode.c.objc; path = ViewController.m; sourceTree = "<group>"; };
		E9AB94FC19FC156100A8D2A2 /* Images.xcassets */ = {isa = PBXFileReference; lastKnownFileType = folder.assetcatalog; path = Images.xcassets; sourceTree = "<group>"; };
		E9AB94FF19FC156100A8D2A2 /* Base */ = {isa = PBXFileReference; lastKnownFileType = file.storyboard; name = Base; path = Base.lproj/Main.storyboard; sourceTree = "<group>"; };
		E9AB950519FC156100A8D2A2 /* MouseTrapTests.xctest */ = {isa = PBXFileReference; explicitFileType = wrapper.cfbundle; includeInIndex = 0; path = MouseTrapTests.xctest; sourceTree = BUILT_PRODUCTS_DIR; };
		E9AB950A19FC156100A8D2A2 /* Info.plist */ = {isa = PBXFileReference; lastKnownFileType = text.plist.xml; path = Info.plist; sourceTree = "<group>"; };
		E9AB950B19FC156100A8D2A2 /* MouseTrapTests.m */ = {isa = PBXFileReference; lastKnownFileType = sourcecode.c.objc; path = MouseTrapTests.m; sourceTree = "<group>"; };
/* End PBXFileReference section */

/* Begin PBXFrameworksBuildPhase section */
		E9AB94EC19FC156000A8D2A2 /* Frameworks */ = {
			isa = PBXFrameworksBuildPhase;
			buildActionMask = 2147483647;
			files = (
			);
			runOnlyForDeploymentPostprocessing = 0;
		};
		E9AB950219FC156100A8D2A2 /* Frameworks */ = {
			isa = PBXFrameworksBuildPhase;
			buildActionMask = 2147483647;
			files = (
			);
			runOnlyForDeploymentPostprocessing = 0;
		};
/* End PBXFrameworksBuildPhase section */

/* Begin PBXGroup section */
		E9AB94E619FC156000A8D2A2 = {
			isa = PBXGroup;
			children = (
				E9AB94F119FC156000A8D2A2 /* MouseTrap */,
				E9AB950819FC156100A8D2A2 /* MouseTrapTests */,
				E9AB94F019FC156000A8D2A2 /* Products */,
			);
			sourceTree = "<group>";
		};
		E9AB94F019FC156000A8D2A2 /* Products */ = {
			isa = PBXGroup;
			children = (
				E9AB94EF19FC156000A8D2A2 /* MouseTrap.app */,
				E9AB950519FC156100A8D2A2 /* MouseTrapTests.xctest */,
			);
			name = Products;
			sourceTree = "<group>";
		};
		E9AB94F119FC156000A8D2A2 /* MouseTrap */ = {
			isa = PBXGroup;
			children = (
				E9AB94F419FC156000A8D2A2 /* AppDelegate.h */,
				E9AB94F519FC156000A8D2A2 /* AppDelegate.m */,
				E9AB94F919FC156000A8D2A2 /* ViewController.h */,
				E9AB94FA19FC156100A8D2A2 /* ViewController.m */,
				E9AB94FC19FC156100A8D2A2 /* Images.xcassets */,
				E9AB94FE19FC156100A8D2A2 /* Main.storyboard */,
				E9AB94F219FC156000A8D2A2 /* Supporting Files */,
			);
			path = MouseTrap;
			sourceTree = "<group>";
		};
		E9AB94F219FC156000A8D2A2 /* Supporting Files */ = {
			isa = PBXGroup;
			children = (
				E9AB94F319FC156000A8D2A2 /* Info.plist */,
				E9AB94F719FC156000A8D2A2 /* main.m */,
			);
			name = "Supporting Files";
			sourceTree = "<group>";
		};
		E9AB950819FC156100A8D2A2 /* MouseTrapTests */ = {
			isa = PBXGroup;
			children = (
				E9AB950B19FC156100A8D2A2 /* MouseTrapTests.m */,
				E9AB950919FC156100A8D2A2 /* Supporting Files */,
			);
			path = MouseTrapTests;
			sourceTree = "<group>";
		};
		E9AB950919FC156100A8D2A2 /* Supporting Files */ = {
			isa = PBXGroup;
			children = (
				E9AB950A19FC156100A8D2A2 /* Info.plist */,
			);
			name = "Supporting Files";
			sourceTree = "<group>";
		};
/* End PBXGroup section */

/* Begin PBXNativeTarget section */
		E9AB94EE19FC156000A8D2A2 /* MouseTrap */ = {
			isa = PBXNativeTarget;
			buildConfigurationList = E9AB950F19FC156100A8D2A2 /* Build configuration list for PBXNativeTarget "MouseTrap" */;
			buildPhases = (
				E9AB94EB19FC156000A8D2A2 /* Sources */,
				E9AB94EC19FC156000A8D2A2 /* Frameworks */,
				E9AB94ED19FC156000A8D2A2 /* Resources */,
			);
			buildRules = (
			);
			dependencies = (
			);
			name = MouseTrap;
			productName = MouseTrap;
			productReference = E9AB94EF19FC156000A8D2A2 /* MouseTrap.app */;
			productType = "com.apple.product-type.application";
		};
		E9AB950419FC156100A8D2A2 /* MouseTrapTests */ = {
			isa = PBXNativeTarget;
			buildConfigurationList = E9AB951219FC156100A8D2A2 /* Build configuration list for PBXNativeTarget "MouseTrapTests" */;
			buildPhases = (
				E9AB950119FC156100A8D2A2 /* Sources */,
				E9AB950219FC156100A8D2A2 /* Frameworks */,
				E9AB950319FC156100A8D2A2 /* Resources */,
			);
			buildRules = (
			);
			dependencies = (
				E9AB950719FC156100A8D2A2 /* PBXTargetDependency */,
			);
			name = MouseTrapTests;
			productName = MouseTrapTests;
			productReference = E9AB950519FC156100A8D2A2 /* MouseTrapTests.xctest */;
			productType = "com.apple.product-type.bundle.unit-test";
		};
/* End PBXNativeTarget section */

/* Begin PBXProject section */
		E9AB94E719FC156000A8D2A2 /* Project object */ = {
			isa = PBXProject;
			attributes = {
				LastUpgradeCheck = 0610;
				ORGANIZATIONNAME = "Thomas Cherry";
				TargetAttributes = {
					E9AB94EE19FC156000A8D2A2 = {
						CreatedOnToolsVersion = 6.1;
					};
					E9AB950419FC156100A8D2A2 = {
						CreatedOnToolsVersion = 6.1;
						TestTargetID = E9AB94EE19FC156000A8D2A2;
					};
				};
			};
			buildConfigurationList = E9AB94EA19FC156000A8D2A2 /* Build configuration list for PBXProject "MouseTrap" */;
			compatibilityVersion = "Xcode 3.2";
			developmentRegion = English;
			hasScannedForEncodings = 0;
			knownRegions = (
				en,
				Base,
			);
			mainGroup = E9AB94E619FC156000A8D2A2;
			productRefGroup = E9AB94F019FC156000A8D2A2 /* Products */;
			projectDirPath = "";
			projectRoot = "";
			targets = (
				E9AB94EE19FC156000A8D2A2 /* MouseTrap */,
				E9AB950419FC156100A8D2A2 /* MouseTrapTests */,
			);
		};
/* End PBXProject section */

/* Begin PBXResourcesBuildPhase section */
		E9AB94ED19FC156000A8D2A2 /* Resources */ = {
			isa = PBXResourcesBuildPhase;
			buildActionMask = 2147483647;
			files = (
				E9AB94FD19FC156100A8D2A2 /* Images.xcassets in Resources */,
				E9AB950019FC156100A8D2A2 /* Main.storyboard in Resources */,
			);
			runOnlyForDeploymentPostprocessing = 0;
		};
		E9AB950319FC156100A8D2A2 /* Resources */ = {
			isa = PBXResourcesBuildPhase;
			buildActionMask = 2147483647;
			files = (
			);
			runOnlyForDeploymentPostprocessing = 0;
		};
/* End PBXResourcesBuildPhase section */

/* Begin PBXSourcesBuildPhase section */
		E9AB94EB19FC156000A8D2A2 /* Sources */ = {
			isa = PBXSourcesBuildPhase;
			buildActionMask = 2147483647;
			files = (
				E9AB94FB19FC156100A8D2A2 /* ViewController.m in Sources */,
				E9AB94F819FC156000A8D2A2 /* main.m in Sources */,
				E9AB94F619FC156000A8D2A2 /* AppDelegate.m in Sources */,
			);
			runOnlyForDeploymentPostprocessing = 0;
		};
		E9AB950119FC156100A8D2A2 /* Sources */ = {
			isa = PBXSourcesBuildPhase;
			buildActionMask = 2147483647;
			files = (
				E9AB950C19FC156100A8D2A2 /* MouseTrapTests.m in Sources */,
			);
			runOnlyForDeploymentPostprocessing = 0;
		};
/* End PBXSourcesBuildPhase section */

/* Begin PBXTargetDependency section */
		E9AB950719FC156100A8D2A2 /* PBXTargetDependency */ = {
			isa = PBXTargetDependency;
			target = E9AB94EE19FC156000A8D2A2 /* MouseTrap */;
			targetProxy = E9AB950619FC156100A8D2A2 /* PBXContainerItemProxy */;
		};
/* End PBXTargetDependency section */

/* Begin PBXVariantGroup section */
		E9AB94FE19FC156100A8D2A2 /* Main.storyboard */ = {
			isa = PBXVariantGroup;
			children = (
				E9AB94FF19FC156100A8D2A2 /* Base */,
			);
			name = Main.storyboard;
			sourceTree = "<group>";
		};
/* End PBXVariantGroup section */

/* Begin XCBuildConfiguration section */
		E9AB950D19FC156100A8D2A2 /* Debug */ = {
			isa = XCBuildConfiguration;
			buildSettings = {
				ALWAYS_SEARCH_USER_PATHS = NO;
				CLANG_CXX_LANGUAGE_STANDARD = "gnu++0x";
				CLANG_CXX_LIBRARY = "libc++";
				CLANG_ENABLE_MODULES = YES;
				CLANG_ENABLE_OBJC_ARC = YES;
				CLANG_WARN_BOOL_CONVERSION = YES;
				CLANG_WARN_CONSTANT_CONVERSION = YES;
				CLANG_WARN_DIRECT_OBJC_ISA_USAGE = YES_ERROR;
				CLANG_WARN_EMPTY_BODY = YES;
				CLANG_WARN_ENUM_CONVERSION = YES;
				CLANG_WARN_INT_CONVERSION = YES;
				CLANG_WARN_OBJC_ROOT_CLASS = YES_ERROR;
				CLANG_WARN_UNREACHABLE_CODE = YES;
				CLANG_WARN__DUPLICATE_METHOD_MATCH = YES;
				CODE_SIGN_IDENTITY = "-";
				COPY_PHASE_STRIP = NO;
				ENABLE_STRICT_OBJC_MSGSEND = YES;
				GCC_C_LANGUAGE_STANDARD = gnu99;
				GCC_DYNAMIC_NO_PIC = NO;
				GCC_OPTIMIZATION_LEVEL = 0;
				GCC_PREPROCESSOR_DEFINITIONS = (
					"DEBUG=1",
					"$(inherited)",
				);
				GCC_SYMBOLS_PRIVATE_EXTERN = NO;
				GCC_WARN_64_TO_32_BIT_CONVERSION = YES;
				GCC_WARN_ABOUT_RETURN_TYPE = YES_ERROR;
				GCC_WARN_UNDECLARED_SELECTOR = YES;
				GCC_WARN_UNINITIALIZED_AUTOS = YES_AGGRESSIVE;
				GCC_WARN_UNUSED_FUNCTION = YES;
				GCC_WARN_UNUSED_VARIABLE = YES;
				MACOSX_DEPLOYMENT_TARGET = 10.10;
				MTL_ENABLE_DEBUG_INFO = YES;
				ONLY_ACTIVE_ARCH = YES;
				SDKROOT = macosx;
			};
			name = Debug;
		};
		E9AB950E19FC156100A8D2A2 /* Release */ = {
			isa = XCBuildConfiguration;
			buildSettings = {
				ALWAYS_SEARCH_USER_PATHS = NO;
				CLANG_CXX_LANGUAGE_STANDARD = "gnu++0x";
				CLANG_CXX_LIBRARY = "libc++";
				CLANG_ENABLE_MODULES = YES;
				CLANG_ENABLE_OBJC_ARC = YES;
				CLANG_WARN_BOOL_CONVERSION = YES;
				CLANG_WARN_CONSTANT_CONVERSION = YES;
				CLANG_WARN_DIRECT_OBJC_ISA_USAGE = YES_ERROR;
				CLANG_WARN_EMPTY_BODY = YES;
				CLANG_WARN_ENUM_CONVERSION = YES;
				CLANG_WARN_INT_CONVERSION = YES;
				CLANG_WARN_OBJC_ROOT_CLASS = YES_ERROR;
				CLANG_WARN_UNREACHABLE_CODE = YES;
				CLANG_WARN__DUPLICATE_METHOD_MATCH = YES;
				CODE_SIGN_IDENTITY = "-";
				COPY_PHASE_STRIP = YES;
				DEBUG_INFORMATION_FORMAT = "dwarf-with-dsym";
				ENABLE_NS_ASSERTIONS = NO;
				ENABLE_STRICT_OBJC_MSGSEND = YES;
				GCC_C_LANGUAGE_STANDARD = gnu99;
				GCC_WARN_64_TO_32_BIT_CONVERSION = YES;
				GCC_WARN_ABOUT_RETURN_TYPE = YES_ERROR;
				GCC_WARN_UNDECLARED_SELECTOR = YES;
				GCC_WARN_UNINITIALIZED_AUTOS = YES_AGGRESSIVE;
				GCC_WARN_UNUSED_FUNCTION = YES;
				GCC_WARN_UNUSED_VARIABLE = YES;
				MACOSX_DEPLOYMENT_TARGET = 10.10;
				MTL_ENABLE_DEBUG_INFO = NO;
				SDKROOT = macosx;
			};
			name = Release;
		};
		E9AB951019FC156100A8D2A2 /* Debug */ = {
			isa = XCBuildConfiguration;
			buildSettings = {
				ASSETCATALOG_COMPILER_APPICON_NAME = AppIcon;
				COMBINE_HIDPI_IMAGES = YES;
				INFOPLIST_FILE = MouseTrap/Info.plist;
				LD_RUNPATH_SEARCH_PATHS = "$(inherited) @executable_path/../Frameworks";
				PRODUCT_NAME = "$(TARGET_NAME)";
			};
			name = Debug;
		};
		E9AB951119FC156100A8D2A2 /* Release */ = {
			isa = XCBuildConfiguration;
			buildSettings = {
				ASSETCATALOG_COMPILER_APPICON_NAME = AppIcon;
				COMBINE_HIDPI_IMAGES = YES;
				INFOPLIST_FILE = MouseTrap/Info.plist;
				LD_RUNPATH_SEARCH_PATHS = "$(inherited) @executable_path/../Frameworks";
				PRODUCT_NAME = "$(TARGET_NAME)";
			};
			name = Release;
		};
		E9AB951319FC156100A8D2A2 /* Debug */ = {
			isa = XCBuildConfiguration;
			buildSettings = {
				BUNDLE_LOADER = "$(TEST_HOST)";
				COMBINE_HIDPI_IMAGES = YES;
				FRAMEWORK_SEARCH_PATHS = (
					"$(DEVELOPER_FRAMEWORKS_DIR)",
					"$(inherited)",
				);
				GCC_PREPROCESSOR_DEFINITIONS = (
					"DEBUG=1",
					"$(inherited)",
				);
				INFOPLIST_FILE = MouseTrapTests/Info.plist;
				LD_RUNPATH_SEARCH_PATHS = "$(inherited) @executable_path/../Frameworks @loader_path/../Frameworks";
				PRODUCT_NAME = "$(TARGET_NAME)";
				TEST_HOST = "$(BUILT_PRODUCTS_DIR)/MouseTrap.app/Contents/MacOS/MouseTrap";
			};
			name = Debug;
		};
		E9AB951419FC156100A8D2A2 /* Release */ = {
			isa = XCBuildConfiguration;
			buildSettings = {
				BUNDLE_LOADER = "$(TEST_HOST)";
				COMBINE_HIDPI_IMAGES = YES;
				FRAMEWORK_SEARCH_PATHS = (
					"$(DEVELOPER_FRAMEWORKS_DIR)",
					"$(inherited)",
				);
				INFOPLIST_FILE = MouseTrapTests/Info.plist;
				LD_RUNPATH_SEARCH_PATHS = "$(inherited) @executable_path/../Frameworks @loader_path/../Frameworks";
				PRODUCT_NAME = "$(TARGET_NAME)";
				TEST_HOST = "$(BUILT_PRODUCTS_DIR)/MouseTrap.app/Contents/MacOS/MouseTrap";
			};
			name = Release;
		};
/* End XCBuildConfiguration section */

/* Begin XCConfigurationList section */
		E9AB94EA19FC156000A8D2A2 /* Build configuration list for PBXProject "MouseTrap" */ = {
			isa = XCConfigurationList;
			buildConfigurations = (
				E9AB950D19FC156100A8D2A2 /* Debug */,
				E9AB950E19FC156100A8D2A2 /* Release */,
			);
			defaultConfigurationIsVisible = 0;
			defaultConfigurationName = Release;
		};
		E9AB950F19FC156100A8D2A2 /* Build configuration list for PBXNativeTarget "MouseTrap" */ = {
			isa = XCConfigurationList;
			buildConfigurations = (
				E9AB951019FC156100A8D2A2 /* Debug */,
				E9AB951119FC156100A8D2A2 /* Release */,
			);
			defaultConfigurationIsVisible = 0;
		};
		E9AB951219FC156100A8D2A2 /* Build configuration list for PBXNativeTarget "MouseTrapTests" */ = {
			isa = XCConfigurationList;
			buildConfigurations = (
				E9AB951319FC156100A8D2A2 /* Debug */,
				E9AB951419FC156100A8D2A2 /* Release */,
			);
			defaultConfigurationIsVisible = 0;
		};
/* End XCConfigurationList section */
	};
	rootObject = E9AB94E719FC156000A8D2A2 /* Project object */;
}
